{
  "name": "uni-shop-2",
  "version": "1.0.0",
  "lockfileVersion": 3,
  "requires": true,
  "packages": {
    "": {
      "name": "uni-shop-2",
      "version": "1.0.0",
      "license": "ISC",
      "dependencies": {
        "@escook/request-miniprogram": "^0.2.1"
      }
    },
    "node_modules/@escook/request-miniprogram": {
      "version": "0.2.1",
      "resolved": "https://registry.npm.taobao.org/@escook/request-miniprogram/download/@escook/request-miniprogram-0.2.1.tgz",
      "integrity": "sha1-w7EySfWpRgHylJ9NaCRd+aVoOBk="
    }
  }
}
